<?xml version="1.0" encoding="utf-8"?>
<Project ToolsVersion="4.0" xmlns="http://schemas.microsoft.com/developer/msbuild/2003">
  <ItemGroup>
    <Filter Include="ソース ファイル">
      <UniqueIdentifier>{4FC737F1-C7A5-4376-A066-2A32D752A2FF}</UniqueIdentifier>
      <Extensions>cpp;c;cc;cxx;def;odl;idl;hpj;bat;asm;asmx</Extensions>
    </Filter>
    <Filter Include="ヘッダー ファイル">
      <UniqueIdentifier>{93995380-89BD-4b04-88EB-625FBE52EBFB}</UniqueIdentifier>
      <Extensions>h;hh;hpp;hxx;hm;inl;inc;xsd</Extensions>
    </Filter>
    <Filter Include="リソース ファイル">
      <UniqueIdentifier>{67DA6AB6-F800-4c08-8B7A-83BB121AAD01}</UniqueIdentifier>
      <Extensions>rc;ico;cur;bmp;dlg;rc2;rct;bin;rgs;gif;jpg;jpeg;jpe;resx;tiff;tif;png;wav;mfcribbon-ms</Extensions>
    </Filter>
    <Filter Include="ソース ファイル\main">
      <UniqueIdentifier>{98ee8ac0-5407-4620-b48b-27e419802fc3}</UniqueIdentifier>
    </Filter>
    <Filter Include="ソース ファイル\main\manager">
      <UniqueIdentifier>{7910a948-1f88-45d1-a827-d9d920359913}</UniqueIdentifier>
    </Filter>
    <Filter Include="ソース ファイル\main\manager\scene">
      <UniqueIdentifier>{9ec1a74e-088d-4dca-8064-d9944681c054}</UniqueIdentifier>
    </Filter>
    <Filter Include="ソース ファイル\main\manager\scene\scene2d">
      <UniqueIdentifier>{b2b14fe0-2ef9-4943-a3b4-7ba9b4e416ba}</UniqueIdentifier>
    </Filter>
    <Filter Include="ソース ファイル\main\manager\input">
      <UniqueIdentifier>{7d008803-f611-477c-9a7e-5e7f0f2c7e95}</UniqueIdentifier>
    </Filter>
    <Filter Include="ソース ファイル\main\manager\renderer">
      <UniqueIdentifier>{fb66bfe5-4993-442b-b1ca-e50e1f48cc4a}</UniqueIdentifier>
    </Filter>
    <Filter Include="ソース ファイル\main\manager\mode">
      <UniqueIdentifier>{c0d50d61-0e43-4b46-b484-9bb8479b4196}</UniqueIdentifier>
    </Filter>
    <Filter Include="ソース ファイル\main\manager\sound">
      <UniqueIdentifier>{f1f0d387-58a3-4c36-8732-6e2f28e993ce}</UniqueIdentifier>
    </Filter>
    <Filter Include="ヘッダー ファイル\main">
      <UniqueIdentifier>{550a0a00-1471-488f-a546-2c5e60f694f5}</UniqueIdentifier>
    </Filter>
    <Filter Include="ヘッダー ファイル\main\manager">
      <UniqueIdentifier>{14d34565-7680-4641-a39d-9fee472bb751}</UniqueIdentifier>
    </Filter>
    <Filter Include="ヘッダー ファイル\main\manager\input">
      <UniqueIdentifier>{aabace75-977c-4efb-ac64-0d886fbb3f82}</UniqueIdentifier>
    </Filter>
    <Filter Include="ヘッダー ファイル\main\manager\mode">
      <UniqueIdentifier>{e1c2df6c-1197-49f2-928e-fb82d7b25940}</UniqueIdentifier>
    </Filter>
    <Filter Include="ヘッダー ファイル\main\manager\sound">
      <UniqueIdentifier>{61841b7f-36d4-4392-830e-79aef73cf34f}</UniqueIdentifier>
    </Filter>
    <Filter Include="ヘッダー ファイル\main\manager\renderer">
      <UniqueIdentifier>{5db88544-f766-43e6-a9c7-03735ca2f924}</UniqueIdentifier>
    </Filter>
    <Filter Include="ヘッダー ファイル\main\manager\scene">
      <UniqueIdentifier>{ec0b42f9-6bed-4ffb-b486-eb471a85bd79}</UniqueIdentifier>
    </Filter>
    <Filter Include="ヘッダー ファイル\main\manager\scene\scene2d">
      <UniqueIdentifier>{4c37b561-79f8-41ac-8dfd-ee78bc010971}</UniqueIdentifier>
    </Filter>
    <Filter Include="ソース ファイル\main\manager\mode\title">
      <UniqueIdentifier>{17f520c1-d0d3-4e86-ba6c-bbfc21434d4a}</UniqueIdentifier>
    </Filter>
    <Filter Include="ソース ファイル\main\manager\mode\tutorial">
      <UniqueIdentifier>{53bf7658-fc0e-4d39-9d58-1240ca272c19}</UniqueIdentifier>
    </Filter>
    <Filter Include="ソース ファイル\main\manager\mode\game">
      <UniqueIdentifier>{5d158593-f3f8-4906-bb95-7e664d813f4a}</UniqueIdentifier>
    </Filter>
    <Filter Include="ヘッダー ファイル\main\manager\mode\title">
      <UniqueIdentifier>{f3a687ec-315a-415f-a8c8-c22761150c8b}</UniqueIdentifier>
    </Filter>
    <Filter Include="ヘッダー ファイル\main\manager\mode\tutorial">
      <UniqueIdentifier>{384b2242-376c-498c-865e-0379439b2f48}</UniqueIdentifier>
    </Filter>
    <Filter Include="ヘッダー ファイル\main\manager\mode\game">
      <UniqueIdentifier>{255bea2e-132a-4a42-b4a5-214f2f18c45e}</UniqueIdentifier>
    </Filter>
  </ItemGroup>
  <ItemGroup>
    <ClCompile Include="input.cpp">
      <Filter>ソース ファイル\main\manager\input</Filter>
    </ClCompile>
    <ClCompile Include="game.cpp">
      <Filter>ソース ファイル\main\manager\mode\game</Filter>
    </ClCompile>
    <ClCompile Include="title.cpp">
      <Filter>ソース ファイル\main\manager\mode\title</Filter>
    </ClCompile>
    <ClCompile Include="tutroial.cpp">
      <Filter>ソース ファイル\main\manager\mode\tutorial</Filter>
    </ClCompile>
    <ClCompile Include="sound.cpp">
      <Filter>ソース ファイル\main\manager\sound</Filter>
    </ClCompile>
    <ClCompile Include="renderer.cpp">
      <Filter>ソース ファイル\main\manager\renderer</Filter>
    </ClCompile>
    <ClCompile Include="bg.cpp">
      <Filter>ソース ファイル\main\manager\scene</Filter>
    </ClCompile>
    <ClCompile Include="bomb.cpp">
      <Filter>ソース ファイル\main\manager\scene\scene2d</Filter>
    </ClCompile>
    <ClCompile Include="bombexplosion.cpp">
      <Filter>ソース ファイル\main\manager\scene\scene2d</Filter>
    </ClCompile>
    <ClCompile Include="bossattack.cpp">
      <Filter>ソース ファイル\main\manager\scene\scene2d</Filter>
    </ClCompile>
    <ClCompile Include="bullet.cpp">
      <Filter>ソース ファイル\main\manager\scene\scene2d</Filter>
    </ClCompile>
    <ClCompile Include="charge.cpp">
      <Filter>ソース ファイル\main</Filter>
    </ClCompile>
    <ClCompile Include="chargeshot.cpp">
      <Filter>ソース ファイル\main\manager\scene</Filter>
    </ClCompile>
    <ClCompile Include="effect.cpp">
      <Filter>ソース ファイル\main\manager\scene\scene2d</Filter>
    </ClCompile>
    <ClCompile Include="enemy.cpp">
      <Filter>ソース ファイル\main\manager\scene\scene2d</Filter>
    </ClCompile>
    <ClCompile Include="enemyexplosion.cpp">
      <Filter>ソース ファイル\main\manager\scene\scene2d</Filter>
    </ClCompile>
    <ClCompile Include="explosion.cpp">
      <Filter>ソース ファイル\main\manager\scene\scene2d</Filter>
    </ClCompile>
    <ClCompile Include="extraattack.cpp">
      <Filter>ソース ファイル\main\manager\scene\scene2d</Filter>
    </ClCompile>
    <ClCompile Include="fade.cpp">
      <Filter>ソース ファイル\main\manager\scene</Filter>
    </ClCompile>
    <ClCompile Include="gattyann.cpp">
      <Filter>ソース ファイル\main\manager\scene\scene2d</Filter>
    </ClCompile>
    <ClCompile Include="gauge.cpp">
      <Filter>ソース ファイル\main</Filter>
    </ClCompile>
    <ClCompile Include="life.cpp">
      <Filter>ソース ファイル\main\manager\scene</Filter>
    </ClCompile>
    <ClCompile Include="lifepolygon.cpp">
      <Filter>ソース ファイル\main</Filter>
    </ClCompile>
    <ClCompile Include="main.cpp">
      <Filter>ソース ファイル\main</Filter>
    </ClCompile>
    <ClCompile Include="manager.cpp">
      <Filter>ソース ファイル\main\manager</Filter>
    </ClCompile>
    <ClCompile Include="player.cpp">
      <Filter>ソース ファイル\main\manager\scene\scene2d</Filter>
    </ClCompile>
    <ClCompile Include="select.cpp">
      <Filter>ソース ファイル\main\manager\scene\scene2d</Filter>
    </ClCompile>
    <ClCompile Include="text.cpp">
      <Filter>ソース ファイル\main\manager\scene\scene2d</Filter>
    </ClCompile>
    <ClCompile Include="scene2d.cpp">
      <Filter>ソース ファイル\main\manager\scene\scene2d</Filter>
    </ClCompile>
    <ClCompile Include="titlelogo.cpp">
      <Filter>ソース ファイル\main\manager\scene\scene2d</Filter>
    </ClCompile>
    <ClCompile Include="collision.cpp">
      <Filter>ソース ファイル\main</Filter>
    </ClCompile>
    <ClCompile Include="ojama.cpp">
      <Filter>ソース ファイル\main\manager\scene\scene2d</Filter>
    </ClCompile>
    <ClCompile Include="scene.cpp">
      <Filter>ソース ファイル\main\manager\scene</Filter>
    </ClCompile>
  </ItemGroup>
  <ItemGroup>
    <ClInclude Include="title.h">
      <Filter>ヘッダー ファイル\main\manager\mode\title</Filter>
    </ClInclude>
    <ClInclude Include="tutorial.h">
      <Filter>ヘッダー ファイル\main\manager\mode\tutorial</Filter>
    </ClInclude>
    <ClInclude Include="game.h">
      <Filter>ヘッダー ファイル\main\manager\mode\game</Filter>
    </ClInclude>
    <ClInclude Include="bg.h">
      <Filter>ヘッダー ファイル\main\manager\scene</Filter>
    </ClInclude>
    <ClInclude Include="bomb.h">
      <Filter>ヘッダー ファイル\main\manager\scene\scene2d</Filter>
    </ClInclude>
    <ClInclude Include="bossattack.h">
      <Filter>ヘッダー ファイル\main\manager\scene\scene2d</Filter>
    </ClInclude>
    <ClInclude Include="bombexplosion.h">
      <Filter>ヘッダー ファイル\main\manager\scene\scene2d</Filter>
    </ClInclude>
    <ClInclude Include="charge.h">
      <Filter>ヘッダー ファイル\main</Filter>
    </ClInclude>
    <ClInclude Include="bullet.h">
      <Filter>ヘッダー ファイル\main\manager\scene\scene2d</Filter>
    </ClInclude>
    <ClInclude Include="chargeshot.h">
      <Filter>ヘッダー ファイル\main\manager\scene</Filter>
    </ClInclude>
    <ClInclude Include="effect.h">
      <Filter>ヘッダー ファイル\main\manager\scene\scene2d</Filter>
    </ClInclude>
    <ClInclude Include="enemy.h">
      <Filter>ヘッダー ファイル\main\manager\scene\scene2d</Filter>
    </ClInclude>
    <ClInclude Include="explosion.h">
      <Filter>ヘッダー ファイル\main\manager\scene\scene2d</Filter>
    </ClInclude>
    <ClInclude Include="enemyexplosion.h">
      <Filter>ヘッダー ファイル\main\manager\scene\scene2d</Filter>
    </ClInclude>
    <ClInclude Include="fade.h">
      <Filter>ヘッダー ファイル\main\manager\scene</Filter>
    </ClInclude>
    <ClInclude Include="extraattack.h">
      <Filter>ヘッダー ファイル\main\manager\scene\scene2d</Filter>
    </ClInclude>
    <ClInclude Include="gattyann.h">
      <Filter>ヘッダー ファイル\main\manager\scene\scene2d</Filter>
    </ClInclude>
    <ClInclude Include="gauge.h">
      <Filter>ヘッダー ファイル\main</Filter>
    </ClInclude>
    <ClInclude Include="input.h">
      <Filter>ヘッダー ファイル\main\manager\input</Filter>
    </ClInclude>
    <ClInclude Include="life.h">
      <Filter>ヘッダー ファイル\main\manager\scene</Filter>
    </ClInclude>
    <ClInclude Include="lifepolygon.h">
      <Filter>ヘッダー ファイル\main</Filter>
    </ClInclude>
    <ClInclude Include="main.h">
      <Filter>ヘッダー ファイル\main</Filter>
    </ClInclude>
    <ClInclude Include="manager.h">
      <Filter>ヘッダー ファイル\main\manager</Filter>
    </ClInclude>
    <ClInclude Include="player.h">
      <Filter>ヘッダー ファイル\main\manager\scene\scene2d</Filter>
    </ClInclude>
    <ClInclude Include="renderer.h">
      <Filter>ヘッダー ファイル\main\manager\renderer</Filter>
    </ClInclude>
    <ClInclude Include="scene.h">
      <Filter>ヘッダー ファイル\main\manager\scene</Filter>
    </ClInclude>
    <ClInclude Include="scene2d.h">
      <Filter>ヘッダー ファイル\main\manager\scene\scene2d</Filter>
    </ClInclude>
    <ClInclude Include="select.h">
      <Filter>ヘッダー ファイル\main\manager\scene\scene2d</Filter>
    </ClInclude>
    <ClInclude Include="sound.h">
      <Filter>ヘッダー ファイル\main\manager\sound</Filter>
    </ClInclude>
    <ClInclude Include="text.h">
      <Filter>ヘッダー ファイル\main\manager\scene\scene2d</Filter>
    </ClInclude>
    <ClInclude Include="collision.h">
      <Filter>ヘッダー ファイル\main</Filter>
    </ClInclude>
    <ClInclude Include="titlelogo.h">
      <Filter>ヘッダー ファイル\main\manager\scene\scene2d</Filter>
    </ClInclude>
    <ClInclude Include="ojama.h">
      <Filter>ヘッダー ファイル\main\manager\scene\scene2d</Filter>
    </ClInclude>
  </ItemGroup>
</Project>