<?xml version="1.0" encoding="utf-8"?>
<Project ToolsVersion="4.0" xmlns="http://schemas.microsoft.com/developer/msbuild/2003">
  <ItemGroup>
    <Filter Include="ソース ファイル">
      <UniqueIdentifier>{4FC737F1-C7A5-4376-A066-2A32D752A2FF}</UniqueIdentifier>
      <Extensions>cpp;c;cc;cxx;def;odl;idl;hpj;bat;asm;asmx</Extensions>
    </Filter>
    <Filter Include="ヘッダー ファイル">
      <UniqueIdentifier>{93995380-89BD-4b04-88EB-625FBE52EBFB}</UniqueIdentifier>
      <Extensions>h;hh;hpp;hxx;hm;inl;inc;xsd</Extensions>
    </Filter>
    <Filter Include="リソース ファイル">
      <UniqueIdentifier>{67DA6AB6-F800-4c08-8B7A-83BB121AAD01}</UniqueIdentifier>
      <Extensions>rc;ico;cur;bmp;dlg;rc2;rct;bin;rgs;gif;jpg;jpeg;jpe;resx;tiff;tif;png;wav;mfcribbon-ms</Extensions>
    </Filter>
    <Filter Include="ソース ファイル\input">
      <UniqueIdentifier>{7cad2ff0-a09a-4673-a8f0-d9e73139dd4c}</UniqueIdentifier>
    </Filter>
    <Filter Include="ソース ファイル\mode">
      <UniqueIdentifier>{a4d07801-41eb-4074-9768-cc4d0c0bc13a}</UniqueIdentifier>
    </Filter>
    <Filter Include="ソース ファイル\scene">
      <UniqueIdentifier>{1d07f5d3-93a1-4fdd-a795-c33e05bde90c}</UniqueIdentifier>
    </Filter>
    <Filter Include="ソース ファイル\scene\scene2d">
      <UniqueIdentifier>{bdc2d8a1-17a1-4636-8328-c41e0b1beae9}</UniqueIdentifier>
    </Filter>
    <Filter Include="ソース ファイル\scene\scene3d">
      <UniqueIdentifier>{7cbbc1ca-5e50-4bc3-acb1-b519883f0cd1}</UniqueIdentifier>
    </Filter>
    <Filter Include="ソース ファイル\scene\scene3d\particle">
      <UniqueIdentifier>{abd19834-a3e6-4c2a-b127-1a7b3554d9e6}</UniqueIdentifier>
    </Filter>
    <Filter Include="ソース ファイル\rendelrer">
      <UniqueIdentifier>{56608963-cf9d-4c8e-9e09-299ff0ed5d56}</UniqueIdentifier>
    </Filter>
    <Filter Include="ヘッダー ファイル\input">
      <UniqueIdentifier>{9c578e25-f3aa-4f86-b180-2101c172ff35}</UniqueIdentifier>
    </Filter>
    <Filter Include="ヘッダー ファイル\mode">
      <UniqueIdentifier>{09351154-bf66-4ed8-b174-88551e8dc9ea}</UniqueIdentifier>
    </Filter>
    <Filter Include="ヘッダー ファイル\scene">
      <UniqueIdentifier>{1d6185c4-cf04-424c-8cf2-54d4dc054713}</UniqueIdentifier>
    </Filter>
    <Filter Include="ヘッダー ファイル\scene\scene2d">
      <UniqueIdentifier>{3a42b7af-d2b8-4260-9dfd-2a50ae941e94}</UniqueIdentifier>
    </Filter>
    <Filter Include="ヘッダー ファイル\scene\scene3d">
      <UniqueIdentifier>{0c542fb6-16b1-4111-b39e-2adce9daa6a7}</UniqueIdentifier>
    </Filter>
    <Filter Include="ヘッダー ファイル\scene\scene3d\particle">
      <UniqueIdentifier>{9e9a8632-e4e3-4713-a776-a154ecc7ee8b}</UniqueIdentifier>
    </Filter>
    <Filter Include="ヘッダー ファイル\renderer">
      <UniqueIdentifier>{a0f9d3f7-27b2-4771-8092-74b28f6b315d}</UniqueIdentifier>
    </Filter>
    <Filter Include="ソース ファイル\scene\character">
      <UniqueIdentifier>{96d59b60-7791-47a1-a783-654987c8aa86}</UniqueIdentifier>
    </Filter>
  </ItemGroup>
  <ItemGroup>
    <ClCompile Include="camera.cpp">
      <Filter>ソース ファイル</Filter>
    </ClCompile>
    <ClCompile Include="collision.cpp">
      <Filter>ソース ファイル</Filter>
    </ClCompile>
    <ClCompile Include="light.cpp">
      <Filter>ソース ファイル</Filter>
    </ClCompile>
    <ClCompile Include="loadmodeldata.cpp">
      <Filter>ソース ファイル</Filter>
    </ClCompile>
    <ClCompile Include="main.cpp">
      <Filter>ソース ファイル</Filter>
    </ClCompile>
    <ClCompile Include="manager.cpp">
      <Filter>ソース ファイル</Filter>
    </ClCompile>
    <ClCompile Include="motion.cpp">
      <Filter>ソース ファイル</Filter>
    </ClCompile>
    <ClCompile Include="sound.cpp">
      <Filter>ソース ファイル</Filter>
    </ClCompile>
    <ClCompile Include="billboard.cpp">
      <Filter>ソース ファイル\scene\scene3d</Filter>
    </ClCompile>
    <ClCompile Include="debugcollision.cpp">
      <Filter>ソース ファイル\scene\scene3d</Filter>
    </ClCompile>
    <ClCompile Include="fire.cpp">
      <Filter>ソース ファイル\scene\scene3d\particle</Filter>
    </ClCompile>
    <ClCompile Include="fade.cpp">
      <Filter>ソース ファイル\scene\scene2d</Filter>
    </ClCompile>
    <ClCompile Include="input.cpp">
      <Filter>ソース ファイル\input</Filter>
    </ClCompile>
    <ClCompile Include="game.cpp">
      <Filter>ソース ファイル\mode</Filter>
    </ClCompile>
    <ClCompile Include="gameover.cpp">
      <Filter>ソース ファイル\mode</Filter>
    </ClCompile>
    <ClCompile Include="keyboard.cpp">
      <Filter>ソース ファイル\input</Filter>
    </ClCompile>
    <ClCompile Include="joystick.cpp">
      <Filter>ソース ファイル\input</Filter>
    </ClCompile>
    <ClCompile Include="magiccircle.cpp">
      <Filter>ソース ファイル\scene\scene3d\particle</Filter>
    </ClCompile>
    <ClCompile Include="map.cpp">
      <Filter>ソース ファイル\scene\scene3d</Filter>
    </ClCompile>
    <ClCompile Include="mode.cpp">
      <Filter>ソース ファイル\mode</Filter>
    </ClCompile>
    <ClCompile Include="particle.cpp">
      <Filter>ソース ファイル\scene\scene3d\particle</Filter>
    </ClCompile>
    <ClCompile Include="result.cpp">
      <Filter>ソース ファイル\mode</Filter>
    </ClCompile>
    <ClCompile Include="spesialattackeffect.cpp">
      <Filter>ソース ファイル\scene\scene3d\particle</Filter>
    </ClCompile>
    <ClCompile Include="swordeffect.cpp">
      <Filter>ソース ファイル\scene\scene3d\particle</Filter>
    </ClCompile>
    <ClCompile Include="ui.cpp">
      <Filter>ソース ファイル\scene\scene2d</Filter>
    </ClCompile>
    <ClCompile Include="tutorial.cpp">
      <Filter>ソース ファイル\mode</Filter>
    </ClCompile>
    <ClCompile Include="title.cpp">
      <Filter>ソース ファイル\mode</Filter>
    </ClCompile>
    <ClCompile Include="spark.cpp">
      <Filter>ソース ファイル\scene\scene3d\particle</Filter>
    </ClCompile>
    <ClCompile Include="slash.cpp">
      <Filter>ソース ファイル\scene\scene3d\particle</Filter>
    </ClCompile>
    <ClCompile Include="skybox.cpp">
      <Filter>ソース ファイル\scene\scene3d</Filter>
    </ClCompile>
    <ClCompile Include="renderer.cpp">
      <Filter>ソース ファイル\rendelrer</Filter>
    </ClCompile>
    <ClCompile Include="scene3d.cpp">
      <Filter>ソース ファイル\scene</Filter>
    </ClCompile>
    <ClCompile Include="scene2d.cpp">
      <Filter>ソース ファイル\scene</Filter>
    </ClCompile>
    <ClCompile Include="scene.cpp">
      <Filter>ソース ファイル\scene</Filter>
    </ClCompile>
    <ClCompile Include="player.cpp">
      <Filter>ソース ファイル\scene\character</Filter>
    </ClCompile>
    <ClCompile Include="enemy.cpp">
      <Filter>ソース ファイル\scene\character</Filter>
    </ClCompile>
    <ClCompile Include="model.cpp">
      <Filter>ソース ファイル</Filter>
    </ClCompile>
    <ClCompile Include="character.cpp">
      <Filter>ソース ファイル\scene</Filter>
    </ClCompile>
    <ClCompile Include="number.cpp">
      <Filter>ソース ファイル\scene\scene2d</Filter>
    </ClCompile>
    <ClCompile Include="enemyremainder.cpp">
      <Filter>ソース ファイル\scene</Filter>
    </ClCompile>
    <ClCompile Include="enemydeatheffect.cpp">
      <Filter>ソース ファイル\scene\scene3d\particle</Filter>
    </ClCompile>
  </ItemGroup>
  <ItemGroup>
    <ClInclude Include="camera.h">
      <Filter>ヘッダー ファイル</Filter>
    </ClInclude>
    <ClInclude Include="character.h">
      <Filter>ヘッダー ファイル</Filter>
    </ClInclude>
    <ClInclude Include="collision.h">
      <Filter>ヘッダー ファイル</Filter>
    </ClInclude>
    <ClInclude Include="light.h">
      <Filter>ヘッダー ファイル</Filter>
    </ClInclude>
    <ClInclude Include="loadmodeldata.h">
      <Filter>ヘッダー ファイル</Filter>
    </ClInclude>
    <ClInclude Include="main.h">
      <Filter>ヘッダー ファイル</Filter>
    </ClInclude>
    <ClInclude Include="manager.h">
      <Filter>ヘッダー ファイル</Filter>
    </ClInclude>
    <ClInclude Include="motion.h">
      <Filter>ヘッダー ファイル</Filter>
    </ClInclude>
    <ClInclude Include="sound.h">
      <Filter>ヘッダー ファイル</Filter>
    </ClInclude>
    <ClInclude Include="input.h">
      <Filter>ヘッダー ファイル\input</Filter>
    </ClInclude>
    <ClInclude Include="joystick.h">
      <Filter>ヘッダー ファイル\input</Filter>
    </ClInclude>
    <ClInclude Include="keyboard.h">
      <Filter>ヘッダー ファイル\input</Filter>
    </ClInclude>
    <ClInclude Include="game.h">
      <Filter>ヘッダー ファイル\mode</Filter>
    </ClInclude>
    <ClInclude Include="gameover.h">
      <Filter>ヘッダー ファイル\mode</Filter>
    </ClInclude>
    <ClInclude Include="mode.h">
      <Filter>ヘッダー ファイル\mode</Filter>
    </ClInclude>
    <ClInclude Include="result.h">
      <Filter>ヘッダー ファイル\mode</Filter>
    </ClInclude>
    <ClInclude Include="title.h">
      <Filter>ヘッダー ファイル\mode</Filter>
    </ClInclude>
    <ClInclude Include="tutorial.h">
      <Filter>ヘッダー ファイル\mode</Filter>
    </ClInclude>
    <ClInclude Include="fire.h">
      <Filter>ヘッダー ファイル\scene\scene3d\particle</Filter>
    </ClInclude>
    <ClInclude Include="magiccircle.h">
      <Filter>ヘッダー ファイル\scene\scene3d\particle</Filter>
    </ClInclude>
    <ClInclude Include="particle.h">
      <Filter>ヘッダー ファイル\scene\scene3d\particle</Filter>
    </ClInclude>
    <ClInclude Include="slash.h">
      <Filter>ヘッダー ファイル\scene\scene3d\particle</Filter>
    </ClInclude>
    <ClInclude Include="spark.h">
      <Filter>ヘッダー ファイル\scene\scene3d\particle</Filter>
    </ClInclude>
    <ClInclude Include="spesialattackeffect.h">
      <Filter>ヘッダー ファイル\scene\scene3d\particle</Filter>
    </ClInclude>
    <ClInclude Include="swordeffect.h">
      <Filter>ヘッダー ファイル\scene\scene3d\particle</Filter>
    </ClInclude>
    <ClInclude Include="billboard.h">
      <Filter>ヘッダー ファイル\scene\scene3d</Filter>
    </ClInclude>
    <ClInclude Include="debugcollision.h">
      <Filter>ヘッダー ファイル\scene\scene3d</Filter>
    </ClInclude>
    <ClInclude Include="enemy.h">
      <Filter>ヘッダー ファイル\scene\scene3d</Filter>
    </ClInclude>
    <ClInclude Include="player.h">
      <Filter>ヘッダー ファイル\scene\scene3d</Filter>
    </ClInclude>
    <ClInclude Include="map.h">
      <Filter>ヘッダー ファイル\scene\scene3d</Filter>
    </ClInclude>
    <ClInclude Include="model.h">
      <Filter>ヘッダー ファイル\scene\scene3d</Filter>
    </ClInclude>
    <ClInclude Include="skybox.h">
      <Filter>ヘッダー ファイル\scene\scene3d</Filter>
    </ClInclude>
    <ClInclude Include="fade.h">
      <Filter>ヘッダー ファイル\scene\scene2d</Filter>
    </ClInclude>
    <ClInclude Include="ui.h">
      <Filter>ヘッダー ファイル\scene\scene2d</Filter>
    </ClInclude>
    <ClInclude Include="scene3d.h">
      <Filter>ヘッダー ファイル\scene</Filter>
    </ClInclude>
    <ClInclude Include="scene2d.h">
      <Filter>ヘッダー ファイル\scene</Filter>
    </ClInclude>
    <ClInclude Include="scene.h">
      <Filter>ヘッダー ファイル\scene</Filter>
    </ClInclude>
    <ClInclude Include="renderer.h">
      <Filter>ヘッダー ファイル\renderer</Filter>
    </ClInclude>
    <ClInclude Include="number.h">
      <Filter>ヘッダー ファイル\scene\scene2d</Filter>
    </ClInclude>
    <ClInclude Include="enemyremainder.h">
      <Filter>ヘッダー ファイル\scene</Filter>
    </ClInclude>
    <ClInclude Include="enemydeatheffect.h">
      <Filter>ヘッダー ファイル\scene\scene3d\particle</Filter>
    </ClInclude>
  </ItemGroup>
</Project>